
Microsoft Visual Studio Solution File, Format Version 12.00
# Visual Studio 15
VisualStudioVersion = 15.0.28307.168
MinimumVisualStudioVersion = 10.0.40219.1
Project("{9A19103F-16F7-4668-BE54-9A1E7A4F7556}") = "CoursesDownloader.AdvancedIO", "CoursesDownloader.AdvancedIO\CoursesDownloader.AdvancedIO.csproj", "{B62DD968-212D-4AAC-9C4E-A03EC3F767CE}"
EndProject
Project("{9A19103F-16F7-4668-BE54-9A1E7A4F7556}") = "CoursesDownloader.Client", "CoursesDownloader.Client\CoursesDownloader.Client.csproj", "{40866684-8C93-4599-871F-43E145843A4A}"
EndProject
Project("{9A19103F-16F7-4668-BE54-9A1E7A4F7556}") = "CoursesDownloader.Common", "CoursesDownloader.Common\CoursesDownloader.Common.csproj", "{D3C0EB86-6C49-442E-8709-BEA5D2197832}"
EndProject
Project("{9A19103F-16F7-4668-BE54-9A1E7A4F7556}") = "CoursesDownloader.Downloader", "CoursesDownloader.Downloader\CoursesDownloader.Downloader.csproj", "{705CE418-6749-4FED-9D5F-A0948BE6F89D}"
EndProject
Project("{9A19103F-16F7-4668-BE54-9A1E7A4F7556}") = "CoursesDownloader.IModels", "CoursesDownloader.IModels\CoursesDownloader.IModels.csproj", "{97A3177A-4827-4D7E-9A9C-FE51D927FAC8}"
EndProject
Project("{9A19103F-16F7-4668-BE54-9A1E7A4F7556}") = "CoursesDownloader.Models", "CoursesDownloader.Models\CoursesDownloader.Models.csproj", "{AD18254C-711B-443D-8EAF-4891F077AE1C}"
EndProject
Project("{9A19103F-16F7-4668-BE54-9A1E7A4F7556}") = "CoursesDownloader.SharedVariables", "CoursesDownloader.SharedVariables\CoursesDownloader.SharedVariables.csproj", "{884A0BC8-9EC8-41E3-B6D9-B6181FCDE46D}"
EndProject
Global
	GlobalSection(SolutionConfigurationPlatforms) = preSolution
		Debug|Any CPU = Debug|Any CPU
		Release|Any CPU = Release|Any CPU
	EndGlobalSection
	GlobalSection(ProjectConfigurationPlatforms) = postSolution
		{B62DD968-212D-4AAC-9C4E-A03EC3F767CE}.Debug|Any CPU.ActiveCfg = Debug|Any CPU
		{B62DD968-212D-4AAC-9C4E-A03EC3F767CE}.Debug|Any CPU.Build.0 = Debug|Any CPU
		{B62DD968-212D-4AAC-9C4E-A03EC3F767CE}.Release|Any CPU.ActiveCfg = Release|Any CPU
		{B62DD968-212D-4AAC-9C4E-A03EC3F767CE}.Release|Any CPU.Build.0 = Release|Any CPU
		{40866684-8C93-4599-871F-43E145843A4A}.Debug|Any CPU.ActiveCfg = Debug|Any CPU
		{40866684-8C93-4599-871F-43E145843A4A}.Debug|Any CPU.Build.0 = Debug|Any CPU
		{40866684-8C93-4599-871F-43E145843A4A}.Release|Any CPU.ActiveCfg = Release|Any CPU
		{40866684-8C93-4599-871F-43E145843A4A}.Release|Any CPU.Build.0 = Release|Any CPU
		{D3C0EB86-6C49-442E-8709-BEA5D2197832}.Debug|Any CPU.ActiveCfg = Debug|Any CPU
		{D3C0EB86-6C49-442E-8709-BEA5D2197832}.Debug|Any CPU.Build.0 = Debug|Any CPU
		{D3C0EB86-6C49-442E-8709-BEA5D2197832}.Release|Any CPU.ActiveCfg = Release|Any CPU
		{D3C0EB86-6C49-442E-8709-BEA5D2197832}.Release|Any CPU.Build.0 = Release|Any CPU
		{705CE418-6749-4FED-9D5F-A0948BE6F89D}.Debug|Any CPU.ActiveCfg = Debug|Any CPU
		{705CE418-6749-4FED-9D5F-A0948BE6F89D}.Debug|Any CPU.Build.0 = Debug|Any CPU
		{705CE418-6749-4FED-9D5F-A0948BE6F89D}.Release|Any CPU.ActiveCfg = Release|Any CPU
		{705CE418-6749-4FED-9D5F-A0948BE6F89D}.Release|Any CPU.Build.0 = Release|Any CPU
		{97A3177A-4827-4D7E-9A9C-FE51D927FAC8}.Debug|Any CPU.ActiveCfg = Debug|Any CPU
		{97A3177A-4827-4D7E-9A9C-FE51D927FAC8}.Debug|Any CPU.Build.0 = Debug|Any CPU
		{97A3177A-4827-4D7E-9A9C-FE51D927FAC8}.Release|Any CPU.ActiveCfg = Release|Any CPU
		{97A3177A-4827-4D7E-9A9C-FE51D927FAC8}.Release|Any CPU.Build.0 = Release|Any CPU
		{AD18254C-711B-443D-8EAF-4891F077AE1C}.Debug|Any CPU.ActiveCfg = Debug|Any CPU
		{AD18254C-711B-443D-8EAF-4891F077AE1C}.Debug|Any CPU.Build.0 = Debug|Any CPU
		{AD18254C-711B-443D-8EAF-4891F077AE1C}.Release|Any CPU.ActiveCfg = Release|Any CPU
		{AD18254C-711B-443D-8EAF-4891F077AE1C}.Release|Any CPU.Build.0 = Release|Any CPU
		{884A0BC8-9EC8-41E3-B6D9-B6181FCDE46D}.Debug|Any CPU.ActiveCfg = Debug|Any CPU
		{884A0BC8-9EC8-41E3-B6D9-B6181FCDE46D}.Debug|Any CPU.Build.0 = Debug|Any CPU
		{884A0BC8-9EC8-41E3-B6D9-B6181FCDE46D}.Release|Any CPU.ActiveCfg = Release|Any CPU
		{884A0BC8-9EC8-41E3-B6D9-B6181FCDE46D}.Release|Any CPU.Build.0 = Release|Any CPU
	EndGlobalSection
	GlobalSection(SolutionProperties) = preSolution
		HideSolutionNode = FALSE
	EndGlobalSection
	GlobalSection(ExtensibilityGlobals) = postSolution
		SolutionGuid = {AD663510-7A68-4C2B-BE05-99F24515946E}
	EndGlobalSection
EndGlobal
